
Microsoft Visual Studio Solution File, Format Version 12.00
# Visual Studio Version 16
VisualStudioVersion = 16.0.29613.14
MinimumVisualStudioVersion = 10.0.40219.1
Project("{9A19103F-16F7-4668-BE54-9A1E7A4F7556}") = "WPFUserInterface", "WPFUserInterface\WPFUserInterface.csproj", "{B3458220-60C9-4275-B276-1F312DE152E5}"
EndProject
Project("{FAE04EC0-301F-11D3-BF4B-00C04F79EFBC}") = "DataAccess", "DataAccess\DataAccess.csproj", "{B90FFD9C-891A-4CE0-933D-5669749C83FD}"
EndProject
Project("{FAE04EC0-301F-11D3-BF4B-00C04F79EFBC}") = "ConsoleTester", "ConsoleTester\ConsoleTester.csproj", "{E3A54900-BEE7-4F37-9FB7-1A12A4F6D459}"
EndProject
Project("{FAE04EC0-301F-11D3-BF4B-00C04F79EFBC}") = "BusinessLogic", "BusinessLogic\BusinessLogic.csproj", "{181E9630-7DD2-479F-A5BC-813F46F590BA}"
EndProject
Global
	GlobalSection(SolutionConfigurationPlatforms) = preSolution
		Debug|Any CPU = Debug|Any CPU
		Release|Any CPU = Release|Any CPU
	EndGlobalSection
	GlobalSection(ProjectConfigurationPlatforms) = postSolution
		{B3458220-60C9-4275-B276-1F312DE152E5}.Debug|Any CPU.ActiveCfg = Debug|Any CPU
		{B3458220-60C9-4275-B276-1F312DE152E5}.Debug|Any CPU.Build.0 = Debug|Any CPU
		{B3458220-60C9-4275-B276-1F312DE152E5}.Release|Any CPU.ActiveCfg = Release|Any CPU
		{B3458220-60C9-4275-B276-1F312DE152E5}.Release|Any CPU.Build.0 = Release|Any CPU
		{B90FFD9C-891A-4CE0-933D-5669749C83FD}.Debug|Any CPU.ActiveCfg = Debug|Any CPU
		{B90FFD9C-891A-4CE0-933D-5669749C83FD}.Debug|Any CPU.Build.0 = Debug|Any CPU
		{B90FFD9C-891A-4CE0-933D-5669749C83FD}.Release|Any CPU.ActiveCfg = Release|Any CPU
		{B90FFD9C-891A-4CE0-933D-5669749C83FD}.Release|Any CPU.Build.0 = Release|Any CPU
		{E3A54900-BEE7-4F37-9FB7-1A12A4F6D459}.Debug|Any CPU.ActiveCfg = Debug|Any CPU
		{E3A54900-BEE7-4F37-9FB7-1A12A4F6D459}.Debug|Any CPU.Build.0 = Debug|Any CPU
		{E3A54900-BEE7-4F37-9FB7-1A12A4F6D459}.Release|Any CPU.ActiveCfg = Release|Any CPU
		{E3A54900-BEE7-4F37-9FB7-1A12A4F6D459}.Release|Any CPU.Build.0 = Release|Any CPU
		{181E9630-7DD2-479F-A5BC-813F46F590BA}.Debug|Any CPU.ActiveCfg = Debug|Any CPU
		{181E9630-7DD2-479F-A5BC-813F46F590BA}.Debug|Any CPU.Build.0 = Debug|Any CPU
		{181E9630-7DD2-479F-A5BC-813F46F590BA}.Release|Any CPU.ActiveCfg = Release|Any CPU
		{181E9630-7DD2-479F-A5BC-813F46F590BA}.Release|Any CPU.Build.0 = Release|Any CPU
	EndGlobalSection
	GlobalSection(SolutionProperties) = preSolution
		HideSolutionNode = FALSE
	EndGlobalSection
	GlobalSection(ExtensibilityGlobals) = postSolution
		SolutionGuid = {80A5C4CF-4398-4CDA-B7AD-C4716E0E69CB}
	EndGlobalSection
EndGlobal
